// !$*UTF8*$!
{
	archiveVersion = 1;
	classes = {
	};
	objectVersion = 50;
	objects = {

/* Begin PBXBuildFile section */
		3420017921EA031F00A74AFB /* FileSync.swift in Sources */ = {isa = PBXBuildFile; fileRef = 3420017821EA031F00A74AFB /* FileSync.swift */; };
		3420017B21EA1C7700A74AFB /* SourceEntity+helpers.swift in Sources */ = {isa = PBXBuildFile; fileRef = 3420017A21EA1C7700A74AFB /* SourceEntity+helpers.swift */; };
		3420017D21EA1EF200A74AFB /* Task+helpers.swift in Sources */ = {isa = PBXBuildFile; fileRef = 3420017C21EA1EF200A74AFB /* Task+helpers.swift */; };
		3423EAB821E7D69700352AFE /* SettingsViewController.swift in Sources */ = {isa = PBXBuildFile; fileRef = 3423EAB621E7D69700352AFE /* SettingsViewController.swift */; };
		342FFAF321E26C3000EDFA1C /* Project+helpers.swift in Sources */ = {isa = PBXBuildFile; fileRef = 342FFAF221E26C3000EDFA1C /* Project+helpers.swift */; };
		343D3B4221EBA0B90012B2A7 /* Localizable.strings in Resources */ = {isa = PBXBuildFile; fileRef = 343D3B4421EBA0B90012B2A7 /* Localizable.strings */; };
		344BDB7421E756430035B9A4 /* ProjectGroup+helpers.swift in Sources */ = {isa = PBXBuildFile; fileRef = 344BDB7321E756430035B9A4 /* ProjectGroup+helpers.swift */; };
		344BDB7621E7597B0035B9A4 /* ProjectGroupCellView.swift in Sources */ = {isa = PBXBuildFile; fileRef = 344BDB7521E7597B0035B9A4 /* ProjectGroupCellView.swift */; };
		344BDB7821E75FE40035B9A4 /* SidebarDeleteGroupModalViewController.swift in Sources */ = {isa = PBXBuildFile; fileRef = 344BDB7721E75FE40035B9A4 /* SidebarDeleteGroupModalViewController.swift */; };
		344BDB7B21E7C1090035B9A4 /* SidebarViewController+DragDrop.swift in Sources */ = {isa = PBXBuildFile; fileRef = 344BDB7A21E7C1090035B9A4 /* SidebarViewController+DragDrop.swift */; };
		3455893421F08DD2001E72FF /* MainPopover.swift in Sources */ = {isa = PBXBuildFile; fileRef = 3455893321F08DD2001E72FF /* MainPopover.swift */; };
		345A6FB421ECEDC900837601 /* SidebarViewController+OutlineView.swift in Sources */ = {isa = PBXBuildFile; fileRef = 345A6FB321ECEDC900837601 /* SidebarViewController+OutlineView.swift */; };
		345A6FB721ED1ED600837601 /* TaskEditPopoverController.swift in Sources */ = {isa = PBXBuildFile; fileRef = 345A6FB521ED1ED600837601 /* TaskEditPopoverController.swift */; };
		3476B0FC2129FB4300835532 /* SidebarViewController.swift in Sources */ = {isa = PBXBuildFile; fileRef = 3476B0FB2129FB4300835532 /* SidebarViewController.swift */; };
		3476B100212A003C00835532 /* ProjectCellView.swift in Sources */ = {isa = PBXBuildFile; fileRef = 3476B0FF212A003C00835532 /* ProjectCellView.swift */; };
		3476B104212A067600835532 /* ProjectEditCellView.swift in Sources */ = {isa = PBXBuildFile; fileRef = 3476B103212A067600835532 /* ProjectEditCellView.swift */; };
		349333A021AC7BB200A45A4B /* ProjectViewController.swift in Sources */ = {isa = PBXBuildFile; fileRef = 3493339F21AC7BB200A45A4B /* ProjectViewController.swift */; };
		349333A221AC7EAB00A45A4B /* Assets.xcassets in Resources */ = {isa = PBXBuildFile; fileRef = 349333A121AC7EAB00A45A4B /* Assets.xcassets */; };
		349333A721AC837300A45A4B /* Model.swift in Sources */ = {isa = PBXBuildFile; fileRef = 349333A621AC837300A45A4B /* Model.swift */; };
		349E89E72127186100CA088C /* AppDelegate.swift in Sources */ = {isa = PBXBuildFile; fileRef = 349E89E62127186100CA088C /* AppDelegate.swift */; };
		349E89E92127186100CA088C /* MenuViewController.swift in Sources */ = {isa = PBXBuildFile; fileRef = 349E89E82127186100CA088C /* MenuViewController.swift */; };
		349E89EC2127186100CA088C /* Time_Agent.xcdatamodeld in Sources */ = {isa = PBXBuildFile; fileRef = 349E89EA2127186100CA088C /* Time_Agent.xcdatamodeld */; };
		349E89F12127186300CA088C /* Main.storyboard in Resources */ = {isa = PBXBuildFile; fileRef = 349E89EF2127186300CA088C /* Main.storyboard */; };
		349E89FD2127186300CA088C /* Time_AgentUITests.swift in Sources */ = {isa = PBXBuildFile; fileRef = 349E89FC2127186300CA088C /* Time_AgentUITests.swift */; };
		349E8A082129AA2D00CA088C /* EventMonitor.swift in Sources */ = {isa = PBXBuildFile; fileRef = 349E8A072129AA2D00CA088C /* EventMonitor.swift */; };
		34B05FCE21E4D65B00BA7E29 /* TimerBadge.swift in Sources */ = {isa = PBXBuildFile; fileRef = 34B05FCD21E4D65B00BA7E29 /* TimerBadge.swift */; };
		34B8DA3B21EE2B1A00E2E6D8 /* ExportHTML.swift in Sources */ = {isa = PBXBuildFile; fileRef = 34B8DA3A21EE2B1A00E2E6D8 /* ExportHTML.swift */; };
		34DF541621EE2E590032C845 /* ExportTemplate.html in Resources */ = {isa = PBXBuildFile; fileRef = 34DF541521EE2E590032C845 /* ExportTemplate.html */; };
		34DF541821EE47640032C845 /* ExportPDF.swift in Sources */ = {isa = PBXBuildFile; fileRef = 34DF541721EE47640032C845 /* ExportPDF.swift */; };
		5BF8CAC224D467AA9F2604CE /* Pods_Time_Agent.framework in Frameworks */ = {isa = PBXBuildFile; fileRef = 599F144ACB8FD53346E9CAD4 /* Pods_Time_Agent.framework */; };
		AC91E94117936707817EC83F /* Pods_Time_AgentUITests.framework in Frameworks */ = {isa = PBXBuildFile; fileRef = ED7DA081A50C61128F932119 /* Pods_Time_AgentUITests.framework */; };
/* End PBXBuildFile section */

/* Begin PBXContainerItemProxy section */
		349E89F92127186300CA088C /* PBXContainerItemProxy */ = {
			isa = PBXContainerItemProxy;
			containerPortal = 349E89DB2127186100CA088C /* Project object */;
			proxyType = 1;
			remoteGlobalIDString = 349E89E22127186100CA088C;
			remoteInfo = "Time Agent";
		};
/* End PBXContainerItemProxy section */

/* Begin PBXFileReference section */
		037D2FF1032ABAC7B73D89AE /* Pods-Time Agent.debug.xcconfig */ = {isa = PBXFileReference; includeInIndex = 1; lastKnownFileType = text.xcconfig; name = "Pods-Time Agent.debug.xcconfig"; path = "Pods/Target Support Files/Pods-Time Agent/Pods-Time Agent.debug.xcconfig"; sourceTree = "<group>"; };
		3420017821EA031F00A74AFB /* FileSync.swift */ = {isa = PBXFileReference; lastKnownFileType = sourcecode.swift; name = FileSync.swift; path = "Time Agent/FileSync.swift"; sourceTree = SOURCE_ROOT; };
		3420017A21EA1C7700A74AFB /* SourceEntity+helpers.swift */ = {isa = PBXFileReference; lastKnownFileType = sourcecode.swift; path = "SourceEntity+helpers.swift"; sourceTree = "<group>"; };
		3420017C21EA1EF200A74AFB /* Task+helpers.swift */ = {isa = PBXFileReference; lastKnownFileType = sourcecode.swift; path = "Task+helpers.swift"; sourceTree = "<group>"; };
		3423EAB621E7D69700352AFE /* SettingsViewController.swift */ = {isa = PBXFileReference; lastKnownFileType = sourcecode.swift; path = SettingsViewController.swift; sourceTree = "<group>"; };
		342FFAF221E26C3000EDFA1C /* Project+helpers.swift */ = {isa = PBXFileReference; lastKnownFileType = sourcecode.swift; name = "Project+helpers.swift"; path = "Time Agent/Models/Project+helpers.swift"; sourceTree = SOURCE_ROOT; };
		343D3B4321EBA0B90012B2A7 /* en */ = {isa = PBXFileReference; lastKnownFileType = text.plist.strings; name = en; path = en.lproj/Localizable.strings; sourceTree = "<group>"; };
		343D3B4521EBA2160012B2A7 /* da */ = {isa = PBXFileReference; lastKnownFileType = text.plist.strings; name = da; path = da.lproj/Main.strings; sourceTree = "<group>"; };
		343D3B4621EBA2160012B2A7 /* da */ = {isa = PBXFileReference; lastKnownFileType = text.plist.strings; name = da; path = da.lproj/Localizable.strings; sourceTree = "<group>"; };
		344BDB7321E756430035B9A4 /* ProjectGroup+helpers.swift */ = {isa = PBXFileReference; lastKnownFileType = sourcecode.swift; path = "ProjectGroup+helpers.swift"; sourceTree = "<group>"; };
		344BDB7521E7597B0035B9A4 /* ProjectGroupCellView.swift */ = {isa = PBXFileReference; lastKnownFileType = sourcecode.swift; path = ProjectGroupCellView.swift; sourceTree = "<group>"; };
		344BDB7721E75FE40035B9A4 /* SidebarDeleteGroupModalViewController.swift */ = {isa = PBXFileReference; lastKnownFileType = sourcecode.swift; path = SidebarDeleteGroupModalViewController.swift; sourceTree = "<group>"; };
		344BDB7A21E7C1090035B9A4 /* SidebarViewController+DragDrop.swift */ = {isa = PBXFileReference; lastKnownFileType = sourcecode.swift; path = "SidebarViewController+DragDrop.swift"; sourceTree = "<group>"; };
		3455893321F08DD2001E72FF /* MainPopover.swift */ = {isa = PBXFileReference; lastKnownFileType = sourcecode.swift; path = MainPopover.swift; sourceTree = "<group>"; };
		345A6FB321ECEDC900837601 /* SidebarViewController+OutlineView.swift */ = {isa = PBXFileReference; lastKnownFileType = sourcecode.swift; path = "SidebarViewController+OutlineView.swift"; sourceTree = "<group>"; };
		345A6FB521ED1ED600837601 /* TaskEditPopoverController.swift */ = {isa = PBXFileReference; lastKnownFileType = sourcecode.swift; path = TaskEditPopoverController.swift; sourceTree = "<group>"; };
		3476B0FB2129FB4300835532 /* SidebarViewController.swift */ = {isa = PBXFileReference; lastKnownFileType = sourcecode.swift; path = SidebarViewController.swift; sourceTree = "<group>"; };
		3476B0FF212A003C00835532 /* ProjectCellView.swift */ = {isa = PBXFileReference; lastKnownFileType = sourcecode.swift; path = ProjectCellView.swift; sourceTree = "<group>"; };
		3476B103212A067600835532 /* ProjectEditCellView.swift */ = {isa = PBXFileReference; lastKnownFileType = sourcecode.swift; path = ProjectEditCellView.swift; sourceTree = "<group>"; };
		3493339F21AC7BB200A45A4B /* ProjectViewController.swift */ = {isa = PBXFileReference; lastKnownFileType = sourcecode.swift; path = ProjectViewController.swift; sourceTree = "<group>"; };
		349333A121AC7EAB00A45A4B /* Assets.xcassets */ = {isa = PBXFileReference; lastKnownFileType = folder.assetcatalog; path = Assets.xcassets; sourceTree = "<group>"; };
		349333A621AC837300A45A4B /* Model.swift */ = {isa = PBXFileReference; lastKnownFileType = sourcecode.swift; path = Model.swift; sourceTree = "<group>"; };
		349E89E32127186100CA088C /* Time Agent.app */ = {isa = PBXFileReference; explicitFileType = wrapper.application; includeInIndex = 0; path = "Time Agent.app"; sourceTree = BUILT_PRODUCTS_DIR; };
		349E89E62127186100CA088C /* AppDelegate.swift */ = {isa = PBXFileReference; lastKnownFileType = sourcecode.swift; path = AppDelegate.swift; sourceTree = "<group>"; };
		349E89E82127186100CA088C /* MenuViewController.swift */ = {isa = PBXFileReference; lastKnownFileType = sourcecode.swift; path = MenuViewController.swift; sourceTree = "<group>"; };
		349E89EB2127186100CA088C /* Time_Agent.xcdatamodel */ = {isa = PBXFileReference; lastKnownFileType = wrapper.xcdatamodel; path = Time_Agent.xcdatamodel; sourceTree = "<group>"; };
		349E89F02127186300CA088C /* Base */ = {isa = PBXFileReference; lastKnownFileType = file.storyboard; name = Base; path = Base.lproj/Main.storyboard; sourceTree = "<group>"; };
		349E89F22127186300CA088C /* Info.plist */ = {isa = PBXFileReference; lastKnownFileType = text.plist.xml; path = Info.plist; sourceTree = "<group>"; };
		349E89F82127186300CA088C /* Time AgentUITests.xctest */ = {isa = PBXFileReference; explicitFileType = wrapper.cfbundle; includeInIndex = 0; path = "Time AgentUITests.xctest"; sourceTree = BUILT_PRODUCTS_DIR; };
		349E89FC2127186300CA088C /* Time_AgentUITests.swift */ = {isa = PBXFileReference; lastKnownFileType = sourcecode.swift; path = Time_AgentUITests.swift; sourceTree = "<group>"; };
		349E89FE2127186300CA088C /* Info.plist */ = {isa = PBXFileReference; lastKnownFileType = text.plist.xml; path = Info.plist; sourceTree = "<group>"; };
		349E8A072129AA2D00CA088C /* EventMonitor.swift */ = {isa = PBXFileReference; lastKnownFileType = sourcecode.swift; path = EventMonitor.swift; sourceTree = "<group>"; };
		34B05FCD21E4D65B00BA7E29 /* TimerBadge.swift */ = {isa = PBXFileReference; lastKnownFileType = sourcecode.swift; path = TimerBadge.swift; sourceTree = "<group>"; };
		34B8DA3A21EE2B1A00E2E6D8 /* ExportHTML.swift */ = {isa = PBXFileReference; lastKnownFileType = sourcecode.swift; path = ExportHTML.swift; sourceTree = "<group>"; };
		34DF541521EE2E590032C845 /* ExportTemplate.html */ = {isa = PBXFileReference; lastKnownFileType = text.html; path = ExportTemplate.html; sourceTree = "<group>"; };
		34DF541721EE47640032C845 /* ExportPDF.swift */ = {isa = PBXFileReference; lastKnownFileType = sourcecode.swift; path = ExportPDF.swift; sourceTree = "<group>"; };
		3D499BCAAD3942D0664479B5 /* Pods-Time AgentUITests.debug.xcconfig */ = {isa = PBXFileReference; includeInIndex = 1; lastKnownFileType = text.xcconfig; name = "Pods-Time AgentUITests.debug.xcconfig"; path = "Pods/Target Support Files/Pods-Time AgentUITests/Pods-Time AgentUITests.debug.xcconfig"; sourceTree = "<group>"; };
		599F144ACB8FD53346E9CAD4 /* Pods_Time_Agent.framework */ = {isa = PBXFileReference; explicitFileType = wrapper.framework; includeInIndex = 0; path = Pods_Time_Agent.framework; sourceTree = BUILT_PRODUCTS_DIR; };
		B365ED7FC51E8E935D11F7F4 /* Pods-Time AgentUITests.release.xcconfig */ = {isa = PBXFileReference; includeInIndex = 1; lastKnownFileType = text.xcconfig; name = "Pods-Time AgentUITests.release.xcconfig"; path = "Pods/Target Support Files/Pods-Time AgentUITests/Pods-Time AgentUITests.release.xcconfig"; sourceTree = "<group>"; };
		D6E79178C2592C29CFB2C50C /* Pods-Time Agent.release.xcconfig */ = {isa = PBXFileReference; includeInIndex = 1; lastKnownFileType = text.xcconfig; name = "Pods-Time Agent.release.xcconfig"; path = "Pods/Target Support Files/Pods-Time Agent/Pods-Time Agent.release.xcconfig"; sourceTree = "<group>"; };
		ED7DA081A50C61128F932119 /* Pods_Time_AgentUITests.framework */ = {isa = PBXFileReference; explicitFileType = wrapper.framework; includeInIndex = 0; path = Pods_Time_AgentUITests.framework; sourceTree = BUILT_PRODUCTS_DIR; };
/* End PBXFileReference section */

/* Begin PBXFrameworksBuildPhase section */
		349E89E02127186100CA088C /* Frameworks */ = {
			isa = PBXFrameworksBuildPhase;
			buildActionMask = 2147483647;
			files = (
				5BF8CAC224D467AA9F2604CE /* Pods_Time_Agent.framework in Frameworks */,
			);
			runOnlyForDeploymentPostprocessing = 0;
		};
		349E89F52127186300CA088C /* Frameworks */ = {
			isa = PBXFrameworksBuildPhase;
			buildActionMask = 2147483647;
			files = (
				AC91E94117936707817EC83F /* Pods_Time_AgentUITests.framework in Frameworks */,
			);
			runOnlyForDeploymentPostprocessing = 0;
		};
/* End PBXFrameworksBuildPhase section */

/* Begin PBXGroup section */
		342FFAF121E26C0A00EDFA1C /* Models */ = {
			isa = PBXGroup;
			children = (
				342FFAF221E26C3000EDFA1C /* Project+helpers.swift */,
				344BDB7321E756430035B9A4 /* ProjectGroup+helpers.swift */,
				3420017A21EA1C7700A74AFB /* SourceEntity+helpers.swift */,
				3420017C21EA1EF200A74AFB /* Task+helpers.swift */,
			);
			path = Models;
			sourceTree = "<group>";
		};
		344BDB7921E7C0F30035B9A4 /* Sidebar */ = {
			isa = PBXGroup;
			children = (
				3476B0FB2129FB4300835532 /* SidebarViewController.swift */,
				344BDB7A21E7C1090035B9A4 /* SidebarViewController+DragDrop.swift */,
				345A6FB321ECEDC900837601 /* SidebarViewController+OutlineView.swift */,
				344BDB7721E75FE40035B9A4 /* SidebarDeleteGroupModalViewController.swift */,
			);
			path = Sidebar;
			sourceTree = "<group>";
		};
		345A6FB921ED28A200837601 /* Project View */ = {
			isa = PBXGroup;
			children = (
				3493339F21AC7BB200A45A4B /* ProjectViewController.swift */,
				345A6FB521ED1ED600837601 /* TaskEditPopoverController.swift */,
			);
			path = "Project View";
			sourceTree = "<group>";
		};
		3493339E21AC7B7D00A45A4B /* View Controllers */ = {
			isa = PBXGroup;
			children = (
				344BDB7921E7C0F30035B9A4 /* Sidebar */,
				345A6FB921ED28A200837601 /* Project View */,
				349E89E82127186100CA088C /* MenuViewController.swift */,
				3423EAB621E7D69700352AFE /* SettingsViewController.swift */,
			);
			path = "View Controllers";
			sourceTree = "<group>";
		};
		349E89DA2127186100CA088C = {
			isa = PBXGroup;
			children = (
				349E89E52127186100CA088C /* Time Agent */,
				349E89FB2127186300CA088C /* Time AgentUITests */,
				349E89E42127186100CA088C /* Products */,
				B653682CBAA3C63CB8D7666B /* Pods */,
				67BDBE1D0B3C6641515862BD /* Frameworks */,
			);
			sourceTree = "<group>";
		};
		349E89E42127186100CA088C /* Products */ = {
			isa = PBXGroup;
			children = (
				349E89E32127186100CA088C /* Time Agent.app */,
				349E89F82127186300CA088C /* Time AgentUITests.xctest */,
			);
			name = Products;
			sourceTree = "<group>";
		};
		349E89E52127186100CA088C /* Time Agent */ = {
			isa = PBXGroup;
			children = (
				34B8DA3921EE2B0200E2E6D8 /* Modules */,
				342FFAF121E26C0A00EDFA1C /* Models */,
				34A6EF2D21E2264E00807D24 /* Views */,
				3493339E21AC7B7D00A45A4B /* View Controllers */,
				349333A621AC837300A45A4B /* Model.swift */,
				3420017821EA031F00A74AFB /* FileSync.swift */,
				349E89E62127186100CA088C /* AppDelegate.swift */,
				349E8A072129AA2D00CA088C /* EventMonitor.swift */,
				349E89EF2127186300CA088C /* Main.storyboard */,
				349E89F22127186300CA088C /* Info.plist */,
				349333A121AC7EAB00A45A4B /* Assets.xcassets */,
				349E89EA2127186100CA088C /* Time_Agent.xcdatamodeld */,
				343D3B4421EBA0B90012B2A7 /* Localizable.strings */,
			);
			path = "Time Agent";
			sourceTree = "<group>";
		};
		349E89FB2127186300CA088C /* Time AgentUITests */ = {
			isa = PBXGroup;
			children = (
				349E89FC2127186300CA088C /* Time_AgentUITests.swift */,
				349E89FE2127186300CA088C /* Info.plist */,
			);
			path = "Time AgentUITests";
			sourceTree = "<group>";
		};
		34A6EF2D21E2264E00807D24 /* Views */ = {
			isa = PBXGroup;
			children = (
				3476B0FF212A003C00835532 /* ProjectCellView.swift */,
				3476B103212A067600835532 /* ProjectEditCellView.swift */,
				34B05FCD21E4D65B00BA7E29 /* TimerBadge.swift */,
				344BDB7521E7597B0035B9A4 /* ProjectGroupCellView.swift */,
				3455893321F08DD2001E72FF /* MainPopover.swift */,
			);
			path = Views;
			sourceTree = "<group>";
		};
		34B8DA3921EE2B0200E2E6D8 /* Modules */ = {
			isa = PBXGroup;
			children = (
				34DF541421EE2DAD0032C845 /* Export */,
			);
			path = Modules;
			sourceTree = "<group>";
		};
		34DF541421EE2DAD0032C845 /* Export */ = {
			isa = PBXGroup;
			children = (
				34B8DA3A21EE2B1A00E2E6D8 /* ExportHTML.swift */,
				34DF541521EE2E590032C845 /* ExportTemplate.html */,
				34DF541721EE47640032C845 /* ExportPDF.swift */,
			);
			path = Export;
			sourceTree = "<group>";
		};
		67BDBE1D0B3C6641515862BD /* Frameworks */ = {
			isa = PBXGroup;
			children = (
				599F144ACB8FD53346E9CAD4 /* Pods_Time_Agent.framework */,
				ED7DA081A50C61128F932119 /* Pods_Time_AgentUITests.framework */,
			);
			name = Frameworks;
			sourceTree = "<group>";
		};
		B653682CBAA3C63CB8D7666B /* Pods */ = {
			isa = PBXGroup;
			children = (
				037D2FF1032ABAC7B73D89AE /* Pods-Time Agent.debug.xcconfig */,
				D6E79178C2592C29CFB2C50C /* Pods-Time Agent.release.xcconfig */,
				3D499BCAAD3942D0664479B5 /* Pods-Time AgentUITests.debug.xcconfig */,
				B365ED7FC51E8E935D11F7F4 /* Pods-Time AgentUITests.release.xcconfig */,
			);
			name = Pods;
			sourceTree = "<group>";
		};
/* End PBXGroup section */

/* Begin PBXNativeTarget section */
		349E89E22127186100CA088C /* Time Agent */ = {
			isa = PBXNativeTarget;
			buildConfigurationList = 349E8A012127186300CA088C /* Build configuration list for PBXNativeTarget "Time Agent" */;
			buildPhases = (
				93C23AA0070601B9523620B6 /* [CP] Check Pods Manifest.lock */,
				349E89DF2127186100CA088C /* Sources */,
				349E89E02127186100CA088C /* Frameworks */,
				349E89E12127186100CA088C /* Resources */,
				5742AA67581042F7A7572DCC /* [CP] Embed Pods Frameworks */,
			);
			buildRules = (
			);
			dependencies = (
			);
			name = "Time Agent";
			productName = "Time Agent";
			productReference = 349E89E32127186100CA088C /* Time Agent.app */;
			productType = "com.apple.product-type.application";
		};
		349E89F72127186300CA088C /* Time AgentUITests */ = {
			isa = PBXNativeTarget;
			buildConfigurationList = 349E8A042127186300CA088C /* Build configuration list for PBXNativeTarget "Time AgentUITests" */;
			buildPhases = (
				84A3BB033E35F091F88A9950 /* [CP] Check Pods Manifest.lock */,
				349E89F42127186300CA088C /* Sources */,
				349E89F52127186300CA088C /* Frameworks */,
				349E89F62127186300CA088C /* Resources */,
			);
			buildRules = (
			);
			dependencies = (
				349E89FA2127186300CA088C /* PBXTargetDependency */,
			);
			name = "Time AgentUITests";
			productName = "Time AgentUITests";
			productReference = 349E89F82127186300CA088C /* Time AgentUITests.xctest */;
			productType = "com.apple.product-type.bundle.ui-testing";
		};
/* End PBXNativeTarget section */

/* Begin PBXProject section */
		349E89DB2127186100CA088C /* Project object */ = {
			isa = PBXProject;
			attributes = {
				LastSwiftUpdateCheck = 0940;
				LastUpgradeCheck = 0940;
				ORGANIZATIONNAME = "Viktor Hundahl Strate";
				TargetAttributes = {
					349E89E22127186100CA088C = {
						CreatedOnToolsVersion = 9.4.1;
						LastSwiftMigration = 1010;
						SystemCapabilities = {
							com.apple.Sandbox = {
								enabled = 0;
							};
						};
					};
					349E89F72127186300CA088C = {
						CreatedOnToolsVersion = 9.4.1;
						LastSwiftMigration = 1010;
						TestTargetID = 349E89E22127186100CA088C;
					};
				};
			};
			buildConfigurationList = 349E89DE2127186100CA088C /* Build configuration list for PBXProject "Time Agent" */;
			compatibilityVersion = "Xcode 9.3";
			developmentRegion = en;
			hasScannedForEncodings = 0;
			knownRegions = (
				en,
				Base,
				da,
			);
			mainGroup = 349E89DA2127186100CA088C;
			productRefGroup = 349E89E42127186100CA088C /* Products */;
			projectDirPath = "";
			projectRoot = "";
			targets = (
				349E89E22127186100CA088C /* Time Agent */,
				349E89F72127186300CA088C /* Time AgentUITests */,
			);
		};
/* End PBXProject section */

/* Begin PBXResourcesBuildPhase section */
		349E89E12127186100CA088C /* Resources */ = {
			isa = PBXResourcesBuildPhase;
			buildActionMask = 2147483647;
			files = (
				34DF541621EE2E590032C845 /* ExportTemplate.html in Resources */,
				349333A221AC7EAB00A45A4B /* Assets.xcassets in Resources */,
				343D3B4221EBA0B90012B2A7 /* Localizable.strings in Resources */,
				349E89F12127186300CA088C /* Main.storyboard in Resources */,
			);
			runOnlyForDeploymentPostprocessing = 0;
		};
		349E89F62127186300CA088C /* Resources */ = {
			isa = PBXResourcesBuildPhase;
			buildActionMask = 2147483647;
			files = (
			);
			runOnlyForDeploymentPostprocessing = 0;
		};
/* End PBXResourcesBuildPhase section */

/* Begin PBXShellScriptBuildPhase section */
		5742AA67581042F7A7572DCC /* [CP] Embed Pods Frameworks */ = {
			isa = PBXShellScriptBuildPhase;
			buildActionMask = 2147483647;
			files = (
			);
			inputFileListPaths = (
			);
			inputPaths = (
				"${PODS_ROOT}/Target Support Files/Pods-Time Agent/Pods-Time Agent-frameworks.sh",
				"${BUILT_PRODUCTS_DIR}/PathKit/PathKit.framework",
				"${BUILT_PRODUCTS_DIR}/Stencil/Stencil.framework",
				"${BUILT_PRODUCTS_DIR}/Sync/Sync.framework",
			);
			name = "[CP] Embed Pods Frameworks";
			outputFileListPaths = (
			);
			outputPaths = (
				"${TARGET_BUILD_DIR}/${FRAMEWORKS_FOLDER_PATH}/PathKit.framework",
				"${TARGET_BUILD_DIR}/${FRAMEWORKS_FOLDER_PATH}/Stencil.framework",
				"${TARGET_BUILD_DIR}/${FRAMEWORKS_FOLDER_PATH}/Sync.framework",
			);
			runOnlyForDeploymentPostprocessing = 0;
			shellPath = /bin/sh;
			shellScript = "\"${PODS_ROOT}/Target Support Files/Pods-Time Agent/Pods-Time Agent-frameworks.sh\"\n";
			showEnvVarsInLog = 0;
		};
		84A3BB033E35F091F88A9950 /* [CP] Check Pods Manifest.lock */ = {
			isa = PBXShellScriptBuildPhase;
			buildActionMask = 2147483647;
			files = (
			);
			inputFileListPaths = (
			);
			inputPaths = (
				"${PODS_PODFILE_DIR_PATH}/Podfile.lock",
				"${PODS_ROOT}/Manifest.lock",
			);
			name = "[CP] Check Pods Manifest.lock";
			outputFileListPaths = (
			);
			outputPaths = (
				"$(DERIVED_FILE_DIR)/Pods-Time AgentUITests-checkManifestLockResult.txt",
			);
			runOnlyForDeploymentPostprocessing = 0;
			shellPath = /bin/sh;
			shellScript = "diff \"${PODS_PODFILE_DIR_PATH}/Podfile.lock\" \"${PODS_ROOT}/Manifest.lock\" > /dev/null\nif [ $? != 0 ] ; then\n    # print error to STDERR\n    echo \"error: The sandbox is not in sync with the Podfile.lock. Run 'pod install' or update your CocoaPods installation.\" >&2\n    exit 1\nfi\n# This output is used by Xcode 'outputs' to avoid re-running this script phase.\necho \"SUCCESS\" > \"${SCRIPT_OUTPUT_FILE_0}\"\n";
			showEnvVarsInLog = 0;
		};
		93C23AA0070601B9523620B6 /* [CP] Check Pods Manifest.lock */ = {
			isa = PBXShellScriptBuildPhase;
			buildActionMask = 2147483647;
			files = (
			);
			inputFileListPaths = (
			);
			inputPaths = (
				"${PODS_PODFILE_DIR_PATH}/Podfile.lock",
				"${PODS_ROOT}/Manifest.lock",
			);
			name = "[CP] Check Pods Manifest.lock";
			outputFileListPaths = (
			);
			outputPaths = (
				"$(DERIVED_FILE_DIR)/Pods-Time Agent-checkManifestLockResult.txt",
			);
			runOnlyForDeploymentPostprocessing = 0;
			shellPath = /bin/sh;
			shellScript = "diff \"${PODS_PODFILE_DIR_PATH}/Podfile.lock\" \"${PODS_ROOT}/Manifest.lock\" > /dev/null\nif [ $? != 0 ] ; then\n    # print error to STDERR\n    echo \"error: The sandbox is not in sync with the Podfile.lock. Run 'pod install' or update your CocoaPods installation.\" >&2\n    exit 1\nfi\n# This output is used by Xcode 'outputs' to avoid re-running this script phase.\necho \"SUCCESS\" > \"${SCRIPT_OUTPUT_FILE_0}\"\n";
			showEnvVarsInLog = 0;
		};
/* End PBXShellScriptBuildPhase section */

/* Begin PBXSourcesBuildPhase section */
		349E89DF2127186100CA088C /* Sources */ = {
			isa = PBXSourcesBuildPhase;
			buildActionMask = 2147483647;
			files = (
				349E89EC2127186100CA088C /* Time_Agent.xcdatamodeld in Sources */,
				344BDB7621E7597B0035B9A4 /* ProjectGroupCellView.swift in Sources */,
				349E89E92127186100CA088C /* MenuViewController.swift in Sources */,
				34B05FCE21E4D65B00BA7E29 /* TimerBadge.swift in Sources */,
				345A6FB721ED1ED600837601 /* TaskEditPopoverController.swift in Sources */,
				344BDB7421E756430035B9A4 /* ProjectGroup+helpers.swift in Sources */,
				345A6FB421ECEDC900837601 /* SidebarViewController+OutlineView.swift in Sources */,
				349333A021AC7BB200A45A4B /* ProjectViewController.swift in Sources */,
				3476B100212A003C00835532 /* ProjectCellView.swift in Sources */,
				3420017921EA031F00A74AFB /* FileSync.swift in Sources */,
				3423EAB821E7D69700352AFE /* SettingsViewController.swift in Sources */,
				3476B104212A067600835532 /* ProjectEditCellView.swift in Sources */,
				3455893421F08DD2001E72FF /* MainPopover.swift in Sources */,
				349E89E72127186100CA088C /* AppDelegate.swift in Sources */,
				349333A721AC837300A45A4B /* Model.swift in Sources */,
				342FFAF321E26C3000EDFA1C /* Project+helpers.swift in Sources */,
				3420017B21EA1C7700A74AFB /* SourceEntity+helpers.swift in Sources */,
				349E8A082129AA2D00CA088C /* EventMonitor.swift in Sources */,
				344BDB7B21E7C1090035B9A4 /* SidebarViewController+DragDrop.swift in Sources */,
				34B8DA3B21EE2B1A00E2E6D8 /* ExportHTML.swift in Sources */,
				34DF541821EE47640032C845 /* ExportPDF.swift in Sources */,
				3420017D21EA1EF200A74AFB /* Task+helpers.swift in Sources */,
				344BDB7821E75FE40035B9A4 /* SidebarDeleteGroupModalViewController.swift in Sources */,
				3476B0FC2129FB4300835532 /* SidebarViewController.swift in Sources */,
			);
			runOnlyForDeploymentPostprocessing = 0;
		};
		349E89F42127186300CA088C /* Sources */ = {
			isa = PBXSourcesBuildPhase;
			buildActionMask = 2147483647;
			files = (
				349E89FD2127186300CA088C /* Time_AgentUITests.swift in Sources */,
			);
			runOnlyForDeploymentPostprocessing = 0;
		};
/* End PBXSourcesBuildPhase section */

/* Begin PBXTargetDependency section */
		349E89FA2127186300CA088C /* PBXTargetDependency */ = {
			isa = PBXTargetDependency;
			target = 349E89E22127186100CA088C /* Time Agent */;
			targetProxy = 349E89F92127186300CA088C /* PBXContainerItemProxy */;
		};
/* End PBXTargetDependency section */

/* Begin PBXVariantGroup section */
		343D3B4421EBA0B90012B2A7 /* Localizable.strings */ = {
			isa = PBXVariantGroup;
			children = (
				343D3B4321EBA0B90012B2A7 /* en */,
				343D3B4621EBA2160012B2A7 /* da */,
			);
			name = Localizable.strings;
			sourceTree = "<group>";
		};
		349E89EF2127186300CA088C /* Main.storyboard */ = {
			isa = PBXVariantGroup;
			children = (
				349E89F02127186300CA088C /* Base */,
				343D3B4521EBA2160012B2A7 /* da */,
			);
			name = Main.storyboard;
			sourceTree = "<group>";
		};
/* End PBXVariantGroup section */

/* Begin XCBuildConfiguration section */
		349E89FF2127186300CA088C /* Debug */ = {
			isa = XCBuildConfiguration;
			buildSettings = {
				ALWAYS_SEARCH_USER_PATHS = NO;
				CLANG_ANALYZER_LOCALIZABILITY_NONLOCALIZED = YES;
				CLANG_ANALYZER_NONNULL = YES;
				CLANG_ANALYZER_NUMBER_OBJECT_CONVERSION = YES_AGGRESSIVE;
				CLANG_CXX_LANGUAGE_STANDARD = "gnu++14";
				CLANG_CXX_LIBRARY = "libc++";
				CLANG_ENABLE_MODULES = YES;
				CLANG_ENABLE_OBJC_ARC = YES;
				CLANG_ENABLE_OBJC_WEAK = YES;
				CLANG_WARN_BLOCK_CAPTURE_AUTORELEASING = YES;
				CLANG_WARN_BOOL_CONVERSION = YES;
				CLANG_WARN_COMMA = YES;
				CLANG_WARN_CONSTANT_CONVERSION = YES;
				CLANG_WARN_DEPRECATED_OBJC_IMPLEMENTATIONS = YES;
				CLANG_WARN_DIRECT_OBJC_ISA_USAGE = YES_ERROR;
				CLANG_WARN_DOCUMENTATION_COMMENTS = YES;
				CLANG_WARN_EMPTY_BODY = YES;
				CLANG_WARN_ENUM_CONVERSION = YES;
				CLANG_WARN_INFINITE_RECURSION = YES;
				CLANG_WARN_INT_CONVERSION = YES;
				CLANG_WARN_NON_LITERAL_NULL_CONVERSION = YES;
				CLANG_WARN_OBJC_IMPLICIT_RETAIN_SELF = YES;
				CLANG_WARN_OBJC_LITERAL_CONVERSION = YES;
				CLANG_WARN_OBJC_ROOT_CLASS = YES_ERROR;
				CLANG_WARN_RANGE_LOOP_ANALYSIS = YES;
				CLANG_WARN_STRICT_PROTOTYPES = YES;
				CLANG_WARN_SUSPICIOUS_MOVE = YES;
				CLANG_WARN_UNGUARDED_AVAILABILITY = YES_AGGRESSIVE;
				CLANG_WARN_UNREACHABLE_CODE = YES;
				CLANG_WARN__DUPLICATE_METHOD_MATCH = YES;
				CODE_SIGN_IDENTITY = "-";
				COPY_PHASE_STRIP = NO;
				DEBUG_INFORMATION_FORMAT = dwarf;
				ENABLE_STRICT_OBJC_MSGSEND = YES;
				ENABLE_TESTABILITY = YES;
				GCC_C_LANGUAGE_STANDARD = gnu11;
				GCC_DYNAMIC_NO_PIC = NO;
				GCC_NO_COMMON_BLOCKS = YES;
				GCC_OPTIMIZATION_LEVEL = 0;
				GCC_PREPROCESSOR_DEFINITIONS = (
					"DEBUG=1",
					"$(inherited)",
				);
				GCC_WARN_64_TO_32_BIT_CONVERSION = YES;
				GCC_WARN_ABOUT_RETURN_TYPE = YES_ERROR;
				GCC_WARN_UNDECLARED_SELECTOR = YES;
				GCC_WARN_UNINITIALIZED_AUTOS = YES_AGGRESSIVE;
				GCC_WARN_UNUSED_FUNCTION = YES;
				GCC_WARN_UNUSED_VARIABLE = YES;
				MACOSX_DEPLOYMENT_TARGET = 10.13;
				MTL_ENABLE_DEBUG_INFO = YES;
				ONLY_ACTIVE_ARCH = YES;
				SDKROOT = macosx;
				SWIFT_ACTIVE_COMPILATION_CONDITIONS = DEBUG;
				SWIFT_OPTIMIZATION_LEVEL = "-Onone";
			};
			name = Debug;
		};
		349E8A002127186300CA088C /* Release */ = {
			isa = XCBuildConfiguration;
			buildSettings = {
				ALWAYS_SEARCH_USER_PATHS = NO;
				CLANG_ANALYZER_LOCALIZABILITY_NONLOCALIZED = YES;
				CLANG_ANALYZER_NONNULL = YES;
				CLANG_ANALYZER_NUMBER_OBJECT_CONVERSION = YES_AGGRESSIVE;
				CLANG_CXX_LANGUAGE_STANDARD = "gnu++14";
				CLANG_CXX_LIBRARY = "libc++";
				CLANG_ENABLE_MODULES = YES;
				CLANG_ENABLE_OBJC_ARC = YES;
				CLANG_ENABLE_OBJC_WEAK = YES;
				CLANG_WARN_BLOCK_CAPTURE_AUTORELEASING = YES;
				CLANG_WARN_BOOL_CONVERSION = YES;
				CLANG_WARN_COMMA = YES;
				CLANG_WARN_CONSTANT_CONVERSION = YES;
				CLANG_WARN_DEPRECATED_OBJC_IMPLEMENTATIONS = YES;
				CLANG_WARN_DIRECT_OBJC_ISA_USAGE = YES_ERROR;
				CLANG_WARN_DOCUMENTATION_COMMENTS = YES;
				CLANG_WARN_EMPTY_BODY = YES;
				CLANG_WARN_ENUM_CONVERSION = YES;
				CLANG_WARN_INFINITE_RECURSION = YES;
				CLANG_WARN_INT_CONVERSION = YES;
				CLANG_WARN_NON_LITERAL_NULL_CONVERSION = YES;
				CLANG_WARN_OBJC_IMPLICIT_RETAIN_SELF = YES;
				CLANG_WARN_OBJC_LITERAL_CONVERSION = YES;
				CLANG_WARN_OBJC_ROOT_CLASS = YES_ERROR;
				CLANG_WARN_RANGE_LOOP_ANALYSIS = YES;
				CLANG_WARN_STRICT_PROTOTYPES = YES;
				CLANG_WARN_SUSPICIOUS_MOVE = YES;
				CLANG_WARN_UNGUARDED_AVAILABILITY = YES_AGGRESSIVE;
				CLANG_WARN_UNREACHABLE_CODE = YES;
				CLANG_WARN__DUPLICATE_METHOD_MATCH = YES;
				CODE_SIGN_IDENTITY = "-";
				COPY_PHASE_STRIP = NO;
				DEBUG_INFORMATION_FORMAT = "dwarf-with-dsym";
				ENABLE_NS_ASSERTIONS = NO;
				ENABLE_STRICT_OBJC_MSGSEND = YES;
				GCC_C_LANGUAGE_STANDARD = gnu11;
				GCC_NO_COMMON_BLOCKS = YES;
				GCC_WARN_64_TO_32_BIT_CONVERSION = YES;
				GCC_WARN_ABOUT_RETURN_TYPE = YES_ERROR;
				GCC_WARN_UNDECLARED_SELECTOR = YES;
				GCC_WARN_UNINITIALIZED_AUTOS = YES_AGGRESSIVE;
				GCC_WARN_UNUSED_FUNCTION = YES;
				GCC_WARN_UNUSED_VARIABLE = YES;
				MACOSX_DEPLOYMENT_TARGET = 10.13;
				MTL_ENABLE_DEBUG_INFO = NO;
				SDKROOT = macosx;
				SWIFT_COMPILATION_MODE = wholemodule;
				SWIFT_OPTIMIZATION_LEVEL = "-O";
			};
			name = Release;
		};
		349E8A022127186300CA088C /* Debug */ = {
			isa = XCBuildConfiguration;
			baseConfigurationReference = 037D2FF1032ABAC7B73D89AE /* Pods-Time Agent.debug.xcconfig */;
			buildSettings = {
				ASSETCATALOG_COMPILER_APPICON_NAME = AppIcon;
				CODE_SIGN_STYLE = Automatic;
				COMBINE_HIDPI_IMAGES = YES;
				INFOPLIST_FILE = "Time Agent/Info.plist";
				LD_RUNPATH_SEARCH_PATHS = (
					"$(inherited)",
					"@executable_path/../Frameworks",
				);
				PRODUCT_BUNDLE_IDENTIFIER = "com.viktorstrate.Time-Agent";
				PRODUCT_NAME = "$(TARGET_NAME)";
				SWIFT_VERSION = 4.2;
			};
			name = Debug;
		};
		349E8A032127186300CA088C /* Release */ = {
			isa = XCBuildConfiguration;
			baseConfigurationReference = D6E79178C2592C29CFB2C50C /* Pods-Time Agent.release.xcconfig */;
			buildSettings = {
				ASSETCATALOG_COMPILER_APPICON_NAME = AppIcon;
				CODE_SIGN_STYLE = Automatic;
				COMBINE_HIDPI_IMAGES = YES;
				INFOPLIST_FILE = "Time Agent/Info.plist";
				LD_RUNPATH_SEARCH_PATHS = (
					"$(inherited)",
					"@executable_path/../Frameworks",
				);
				PRODUCT_BUNDLE_IDENTIFIER = "com.viktorstrate.Time-Agent";
				PRODUCT_NAME = "$(TARGET_NAME)";
				SWIFT_VERSION = 4.2;
			};
			name = Release;
		};
		349E8A052127186300CA088C /* Debug */ = {
			isa = XCBuildConfiguration;
			baseConfigurationReference = 3D499BCAAD3942D0664479B5 /* Pods-Time AgentUITests.debug.xcconfig */;
			buildSettings = {
				ALWAYS_EMBED_SWIFT_STANDARD_LIBRARIES = YES;
				CODE_SIGN_STYLE = Automatic;
				COMBINE_HIDPI_IMAGES = YES;
				INFOPLIST_FILE = "Time AgentUITests/Info.plist";
				LD_RUNPATH_SEARCH_PATHS = (
					"$(inherited)",
					"@executable_path/../Frameworks",
					"@loader_path/../Frameworks",
				);
				PRODUCT_BUNDLE_IDENTIFIER = "com.viktorstrate.Time-AgentUITests";
				PRODUCT_NAME = "$(TARGET_NAME)";
				SWIFT_VERSION = 4.2;
				TEST_TARGET_NAME = "Time Agent";
			};
			name = Debug;
		};
		349E8A062127186300CA088C /* Release */ = {
			isa = XCBuildConfiguration;
			baseConfigurationReference = B365ED7FC51E8E935D11F7F4 /* Pods-Time AgentUITests.release.xcconfig */;
			buildSettings = {
				ALWAYS_EMBED_SWIFT_STANDARD_LIBRARIES = YES;
				CODE_SIGN_STYLE = Automatic;
				COMBINE_HIDPI_IMAGES = YES;
				INFOPLIST_FILE = "Time AgentUITests/Info.plist";
				LD_RUNPATH_SEARCH_PATHS = (
					"$(inherited)",
					"@executable_path/../Frameworks",
					"@loader_path/../Frameworks",
				);
				PRODUCT_BUNDLE_IDENTIFIER = "com.viktorstrate.Time-AgentUITests";
				PRODUCT_NAME = "$(TARGET_NAME)";
				SWIFT_VERSION = 4.2;
				TEST_TARGET_NAME = "Time Agent";
			};
			name = Release;
		};
/* End XCBuildConfiguration section */

/* Begin XCConfigurationList section */
		349E89DE2127186100CA088C /* Build configuration list for PBXProject "Time Agent" */ = {
			isa = XCConfigurationList;
			buildConfigurations = (
				349E89FF2127186300CA088C /* Debug */,
				349E8A002127186300CA088C /* Release */,
			);
			defaultConfigurationIsVisible = 0;
			defaultConfigurationName = Release;
		};
		349E8A012127186300CA088C /* Build configuration list for PBXNativeTarget "Time Agent" */ = {
			isa = XCConfigurationList;
			buildConfigurations = (
				349E8A022127186300CA088C /* Debug */,
				349E8A032127186300CA088C /* Release */,
			);
			defaultConfigurationIsVisible = 0;
			defaultConfigurationName = Release;
		};
		349E8A042127186300CA088C /* Build configuration list for PBXNativeTarget "Time AgentUITests" */ = {
			isa = XCConfigurationList;
			buildConfigurations = (
				349E8A052127186300CA088C /* Debug */,
				349E8A062127186300CA088C /* Release */,
			);
			defaultConfigurationIsVisible = 0;
			defaultConfigurationName = Release;
		};
/* End XCConfigurationList section */

/* Begin XCVersionGroup section */
		349E89EA2127186100CA088C /* Time_Agent.xcdatamodeld */ = {
			isa = XCVersionGroup;
			children = (
				349E89EB2127186100CA088C /* Time_Agent.xcdatamodel */,
			);
			currentVersion = 349E89EB2127186100CA088C /* Time_Agent.xcdatamodel */;
			path = Time_Agent.xcdatamodeld;
			sourceTree = "<group>";
			versionGroupType = wrapper.xcdatamodel;
		};
/* End XCVersionGroup section */
	};
	rootObject = 349E89DB2127186100CA088C /* Project object */;
}
